
Microsoft Visual Studio Solution File, Format Version 12.00
# Visual Studio Version 17
VisualStudioVersion = 17.5.33424.131
MinimumVisualStudioVersion = 10.0.40219.1
Project("{FAE04EC0-301F-11D3-BF4B-00C04F79EFBC}") = "FizzBuzzPractice.Kata", "FizzBuzzPractice.Kata\FizzBuzzPractice.Kata.csproj", "{526C2786-3210-4B5B-B902-F003AD8F6761}"
EndProject
Global
	GlobalSection(SolutionConfigurationPlatforms) = preSolution
		Debug|Any CPU = Debug|Any CPU
		Release|Any CPU = Release|Any CPU
	EndGlobalSection
	GlobalSection(ProjectConfigurationPlatforms) = postSolution
		{526C2786-3210-4B5B-B902-F003AD8F6761}.Debug|Any CPU.ActiveCfg = Debug|Any CPU
		{526C2786-3210-4B5B-B902-F003AD8F6761}.Debug|Any CPU.Build.0 = Debug|Any CPU
		{526C2786-3210-4B5B-B902-F003AD8F6761}.Release|Any CPU.ActiveCfg = Release|Any CPU
		{526C2786-3210-4B5B-B902-F003AD8F6761}.Release|Any CPU.Build.0 = Release|Any CPU
	EndGlobalSection
	GlobalSection(SolutionProperties) = preSolution
		HideSolutionNode = FALSE
	EndGlobalSection
	GlobalSection(ExtensibilityGlobals) = postSolution
		SolutionGuid = {1B885E2D-2506-49A8-BB98-16233CF7E6A0}
	EndGlobalSection
EndGlobal
